
Microsoft Visual Studio Solution File, Format Version 12.00
# Visual Studio 15
VisualStudioVersion = 15.0.28010.2003
MinimumVisualStudioVersion = 10.0.40219.1
Project("{FAE04EC0-301F-11D3-BF4B-00C04F79EFBC}") = "jslz85Assignment4", "jslz85Assignment4\jslz85Assignment4.csproj", "{443E13F6-6CDE-462F-BE64-D206AE54FC4A}"
EndProject
Global
	GlobalSection(SolutionConfigurationPlatforms) = preSolution
		Debug|Any CPU = Debug|Any CPU
		Release|Any CPU = Release|Any CPU
	EndGlobalSection
	GlobalSection(ProjectConfigurationPlatforms) = postSolution
		{443E13F6-6CDE-462F-BE64-D206AE54FC4A}.Debug|Any CPU.ActiveCfg = Debug|Any CPU
		{443E13F6-6CDE-462F-BE64-D206AE54FC4A}.Debug|Any CPU.Build.0 = Debug|Any CPU
		{443E13F6-6CDE-462F-BE64-D206AE54FC4A}.Release|Any CPU.ActiveCfg = Release|Any CPU
		{443E13F6-6CDE-462F-BE64-D206AE54FC4A}.Release|Any CPU.Build.0 = Release|Any CPU
	EndGlobalSection
	GlobalSection(SolutionProperties) = preSolution
		HideSolutionNode = FALSE
	EndGlobalSection
	GlobalSection(ExtensibilityGlobals) = postSolution
		SolutionGuid = {EE91D4AE-C066-488C-9C90-2DBAC00F270D}
	EndGlobalSection
EndGlobal
